
Microsoft Visual Studio Solution File, Format Version 12.00
# Visual Studio Version 16
VisualStudioVersion = 16.0.30114.105
MinimumVisualStudioVersion = 10.0.40219.1
Project("{2150E333-8FDC-42A3-9474-1A3956D46DE8}") = "Services", "Services", "{EC4EDF92-8D68-453D-AF4C-3EFB1581E563}"
EndProject
Project("{2150E333-8FDC-42A3-9474-1A3956D46DE8}") = "WebApps", "WebApps", "{719E304C-BAB0-47D9-B5FE-53EACCCF07D9}"
EndProject
Project("{2150E333-8FDC-42A3-9474-1A3956D46DE8}") = "Cadastros", "Cadastros", "{2DEE0A71-B227-4E74-91E0-CB41661D159B}"
EndProject
Project("{2150E333-8FDC-42A3-9474-1A3956D46DE8}") = "Catalogo", "Catalogo", "{5D4528AA-6B09-45E4-82C8-461C5A7D4203}"
EndProject
Project("{2150E333-8FDC-42A3-9474-1A3956D46DE8}") = "Core", "Core", "{7D5C910A-5A1C-42CB-B5E8-F74C88217CE3}"
EndProject
Project("{2150E333-8FDC-42A3-9474-1A3956D46DE8}") = "Fiscal", "Fiscal", "{45875A00-DBA8-4F67-AD0E-4F96BAD8E9CA}"
EndProject
Project("{2150E333-8FDC-42A3-9474-1A3956D46DE8}") = "Pagamentos", "Pagamentos", "{324D8BEA-006B-4A35-A0F3-9F99E172C928}"
EndProject
Project("{2150E333-8FDC-42A3-9474-1A3956D46DE8}") = "Vendas", "Vendas", "{0045BD3D-49F1-4694-8A58-B548F5FAFDE0}"
EndProject
Project("{2150E333-8FDC-42A3-9474-1A3956D46DE8}") = "Tests", "Tests", "{8E68BFF2-7FD3-4EA9-81CC-A0B092F621F3}"
EndProject
Project("{9A19103F-16F7-4668-BE54-9A1E7A4F7556}") = "NerdStore.Catalogo.Domain.Tests", "tests\XUnitTestProject1\NerdStore.Catalogo.Domain.Tests.csproj", "{388BC69C-6E3A-49F7-B92F-93D27510981F}"
EndProject
Project("{9A19103F-16F7-4668-BE54-9A1E7A4F7556}") = "NerdStore.Catalogo.Data", "src\NerdStore.Catalogo.Data\NerdStore.Catalogo.Data.csproj", "{234F909F-9D57-4BD8-AB96-80A9F41EF207}"
EndProject
Project("{9A19103F-16F7-4668-BE54-9A1E7A4F7556}") = "NerdStore.Catalago.Application", "src\NerdStore.Catalago.Application\NerdStore.Catalago.Application.csproj", "{2216B18B-69B7-4B3A-844A-605D519C3290}"
EndProject
Project("{9A19103F-16F7-4668-BE54-9A1E7A4F7556}") = "NerdStore.WebApp.MVC", "src\NerdStore.WebApp.MVC\NerdStore.WebApp.MVC.csproj", "{7906FFD4-4EC8-4DA6-956E-4E5642F79C89}"
EndProject
Project("{9A19103F-16F7-4668-BE54-9A1E7A4F7556}") = "NerdStore.Core", "src\NerdStore.Core\NerdStore.Core.csproj", "{9E1799AE-6D40-49C0-922C-6AD54E7450F3}"
EndProject
Project("{9A19103F-16F7-4668-BE54-9A1E7A4F7556}") = "NerdStore.Catalogo.Domain", "src\NerdStore.Catalogo.Domain\NerdStore.Catalogo.Domain.csproj", "{BC045975-8C5C-4353-B682-BADBBECE690C}"
EndProject
Project("{FAE04EC0-301F-11D3-BF4B-00C04F79EFBC}") = "NerdStore.Vendas.Domain", "src\NerdStore.Vendas.Domain\NerdStore.Vendas.Domain.csproj", "{44C45E1A-C9B8-45C9-A325-392934D2AD7F}"
EndProject
Project("{FAE04EC0-301F-11D3-BF4B-00C04F79EFBC}") = "NerdStore.Vendas.Application", "src\NerdStore.Vendas.Application\NerdStore.Vendas.Application.csproj", "{372AD56C-495E-4B0F-BF63-E0ED80F4ED20}"
EndProject
Project("{FAE04EC0-301F-11D3-BF4B-00C04F79EFBC}") = "NerdStore.Vendas.Data", "src\NerdStore.Vendas.Data\NerdStore.Vendas.Data.csproj", "{20850F7E-12F1-48AE-A92D-EDEEB6CE819C}"
EndProject
Global
	GlobalSection(SolutionConfigurationPlatforms) = preSolution
		Debug|Any CPU = Debug|Any CPU
		Release|Any CPU = Release|Any CPU
	EndGlobalSection
	GlobalSection(ProjectConfigurationPlatforms) = postSolution
		{388BC69C-6E3A-49F7-B92F-93D27510981F}.Debug|Any CPU.ActiveCfg = Debug|Any CPU
		{388BC69C-6E3A-49F7-B92F-93D27510981F}.Debug|Any CPU.Build.0 = Debug|Any CPU
		{388BC69C-6E3A-49F7-B92F-93D27510981F}.Release|Any CPU.ActiveCfg = Release|Any CPU
		{388BC69C-6E3A-49F7-B92F-93D27510981F}.Release|Any CPU.Build.0 = Release|Any CPU
		{234F909F-9D57-4BD8-AB96-80A9F41EF207}.Debug|Any CPU.ActiveCfg = Debug|Any CPU
		{234F909F-9D57-4BD8-AB96-80A9F41EF207}.Debug|Any CPU.Build.0 = Debug|Any CPU
		{234F909F-9D57-4BD8-AB96-80A9F41EF207}.Release|Any CPU.ActiveCfg = Release|Any CPU
		{234F909F-9D57-4BD8-AB96-80A9F41EF207}.Release|Any CPU.Build.0 = Release|Any CPU
		{2216B18B-69B7-4B3A-844A-605D519C3290}.Debug|Any CPU.ActiveCfg = Debug|Any CPU
		{2216B18B-69B7-4B3A-844A-605D519C3290}.Debug|Any CPU.Build.0 = Debug|Any CPU
		{2216B18B-69B7-4B3A-844A-605D519C3290}.Release|Any CPU.ActiveCfg = Release|Any CPU
		{2216B18B-69B7-4B3A-844A-605D519C3290}.Release|Any CPU.Build.0 = Release|Any CPU
		{7906FFD4-4EC8-4DA6-956E-4E5642F79C89}.Debug|Any CPU.ActiveCfg = Debug|Any CPU
		{7906FFD4-4EC8-4DA6-956E-4E5642F79C89}.Debug|Any CPU.Build.0 = Debug|Any CPU
		{7906FFD4-4EC8-4DA6-956E-4E5642F79C89}.Release|Any CPU.ActiveCfg = Release|Any CPU
		{7906FFD4-4EC8-4DA6-956E-4E5642F79C89}.Release|Any CPU.Build.0 = Release|Any CPU
		{9E1799AE-6D40-49C0-922C-6AD54E7450F3}.Debug|Any CPU.ActiveCfg = Debug|Any CPU
		{9E1799AE-6D40-49C0-922C-6AD54E7450F3}.Debug|Any CPU.Build.0 = Debug|Any CPU
		{9E1799AE-6D40-49C0-922C-6AD54E7450F3}.Release|Any CPU.ActiveCfg = Release|Any CPU
		{9E1799AE-6D40-49C0-922C-6AD54E7450F3}.Release|Any CPU.Build.0 = Release|Any CPU
		{BC045975-8C5C-4353-B682-BADBBECE690C}.Debug|Any CPU.ActiveCfg = Debug|Any CPU
		{BC045975-8C5C-4353-B682-BADBBECE690C}.Debug|Any CPU.Build.0 = Debug|Any CPU
		{BC045975-8C5C-4353-B682-BADBBECE690C}.Release|Any CPU.ActiveCfg = Release|Any CPU
		{BC045975-8C5C-4353-B682-BADBBECE690C}.Release|Any CPU.Build.0 = Release|Any CPU
		{44C45E1A-C9B8-45C9-A325-392934D2AD7F}.Debug|Any CPU.ActiveCfg = Debug|Any CPU
		{44C45E1A-C9B8-45C9-A325-392934D2AD7F}.Debug|Any CPU.Build.0 = Debug|Any CPU
		{44C45E1A-C9B8-45C9-A325-392934D2AD7F}.Release|Any CPU.ActiveCfg = Release|Any CPU
		{44C45E1A-C9B8-45C9-A325-392934D2AD7F}.Release|Any CPU.Build.0 = Release|Any CPU
		{372AD56C-495E-4B0F-BF63-E0ED80F4ED20}.Debug|Any CPU.ActiveCfg = Debug|Any CPU
		{372AD56C-495E-4B0F-BF63-E0ED80F4ED20}.Debug|Any CPU.Build.0 = Debug|Any CPU
		{372AD56C-495E-4B0F-BF63-E0ED80F4ED20}.Release|Any CPU.ActiveCfg = Release|Any CPU
		{372AD56C-495E-4B0F-BF63-E0ED80F4ED20}.Release|Any CPU.Build.0 = Release|Any CPU
		{20850F7E-12F1-48AE-A92D-EDEEB6CE819C}.Debug|Any CPU.ActiveCfg = Debug|Any CPU
		{20850F7E-12F1-48AE-A92D-EDEEB6CE819C}.Debug|Any CPU.Build.0 = Debug|Any CPU
		{20850F7E-12F1-48AE-A92D-EDEEB6CE819C}.Release|Any CPU.ActiveCfg = Release|Any CPU
		{20850F7E-12F1-48AE-A92D-EDEEB6CE819C}.Release|Any CPU.Build.0 = Release|Any CPU
	EndGlobalSection
	GlobalSection(SolutionProperties) = preSolution
		HideSolutionNode = FALSE
	EndGlobalSection
	GlobalSection(NestedProjects) = preSolution
		{2DEE0A71-B227-4E74-91E0-CB41661D159B} = {EC4EDF92-8D68-453D-AF4C-3EFB1581E563}
		{5D4528AA-6B09-45E4-82C8-461C5A7D4203} = {EC4EDF92-8D68-453D-AF4C-3EFB1581E563}
		{7D5C910A-5A1C-42CB-B5E8-F74C88217CE3} = {EC4EDF92-8D68-453D-AF4C-3EFB1581E563}
		{45875A00-DBA8-4F67-AD0E-4F96BAD8E9CA} = {EC4EDF92-8D68-453D-AF4C-3EFB1581E563}
		{324D8BEA-006B-4A35-A0F3-9F99E172C928} = {EC4EDF92-8D68-453D-AF4C-3EFB1581E563}
		{0045BD3D-49F1-4694-8A58-B548F5FAFDE0} = {EC4EDF92-8D68-453D-AF4C-3EFB1581E563}
		{8E68BFF2-7FD3-4EA9-81CC-A0B092F621F3} = {5D4528AA-6B09-45E4-82C8-461C5A7D4203}
		{388BC69C-6E3A-49F7-B92F-93D27510981F} = {8E68BFF2-7FD3-4EA9-81CC-A0B092F621F3}
		{234F909F-9D57-4BD8-AB96-80A9F41EF207} = {5D4528AA-6B09-45E4-82C8-461C5A7D4203}
		{2216B18B-69B7-4B3A-844A-605D519C3290} = {5D4528AA-6B09-45E4-82C8-461C5A7D4203}
		{7906FFD4-4EC8-4DA6-956E-4E5642F79C89} = {719E304C-BAB0-47D9-B5FE-53EACCCF07D9}
		{9E1799AE-6D40-49C0-922C-6AD54E7450F3} = {7D5C910A-5A1C-42CB-B5E8-F74C88217CE3}
		{BC045975-8C5C-4353-B682-BADBBECE690C} = {5D4528AA-6B09-45E4-82C8-461C5A7D4203}
		{44C45E1A-C9B8-45C9-A325-392934D2AD7F} = {0045BD3D-49F1-4694-8A58-B548F5FAFDE0}
		{372AD56C-495E-4B0F-BF63-E0ED80F4ED20} = {0045BD3D-49F1-4694-8A58-B548F5FAFDE0}
		{20850F7E-12F1-48AE-A92D-EDEEB6CE819C} = {0045BD3D-49F1-4694-8A58-B548F5FAFDE0}
	EndGlobalSection
	GlobalSection(ExtensibilityGlobals) = postSolution
		SolutionGuid = {ACF94987-CDBE-4136-BFF0-C3FEFEAE1263}
	EndGlobalSection
EndGlobal
